
Microsoft Visual Studio Solution File, Format Version 12.00
# Visual Studio Version 17
VisualStudioVersion = 17.0.31903.59
MinimumVisualStudioVersion = 10.0.40219.1
Project("{FAE04EC0-301F-11D3-BF4B-00C04F79EFBC}") = "Publish", "publish\Publish\Publish.csproj", "{0AA385F9-7C96-4A70-9564-5491BAC545DE}"
EndProject
Project("{FAE04EC0-301F-11D3-BF4B-00C04F79EFBC}") = "ConsumerConsole", "ConsumerConsole\ConsumerConsole.csproj", "{96D11162-2F96-456A-B34B-445E4E28C28C}"
EndProject
Global
	GlobalSection(SolutionConfigurationPlatforms) = preSolution
		Debug|Any CPU = Debug|Any CPU
		Debug|x64 = Debug|x64
		Debug|x86 = Debug|x86
		Release|Any CPU = Release|Any CPU
		Release|x64 = Release|x64
		Release|x86 = Release|x86
	EndGlobalSection
	GlobalSection(ProjectConfigurationPlatforms) = postSolution
		{0AA385F9-7C96-4A70-9564-5491BAC545DE}.Debug|Any CPU.ActiveCfg = Debug|Any CPU
		{0AA385F9-7C96-4A70-9564-5491BAC545DE}.Debug|Any CPU.Build.0 = Debug|Any CPU
		{0AA385F9-7C96-4A70-9564-5491BAC545DE}.Debug|x64.ActiveCfg = Debug|Any CPU
		{0AA385F9-7C96-4A70-9564-5491BAC545DE}.Debug|x64.Build.0 = Debug|Any CPU
		{0AA385F9-7C96-4A70-9564-5491BAC545DE}.Debug|x86.ActiveCfg = Debug|Any CPU
		{0AA385F9-7C96-4A70-9564-5491BAC545DE}.Debug|x86.Build.0 = Debug|Any CPU
		{0AA385F9-7C96-4A70-9564-5491BAC545DE}.Release|Any CPU.ActiveCfg = Release|Any CPU
		{0AA385F9-7C96-4A70-9564-5491BAC545DE}.Release|Any CPU.Build.0 = Release|Any CPU
		{0AA385F9-7C96-4A70-9564-5491BAC545DE}.Release|x64.ActiveCfg = Release|Any CPU
		{0AA385F9-7C96-4A70-9564-5491BAC545DE}.Release|x64.Build.0 = Release|Any CPU
		{0AA385F9-7C96-4A70-9564-5491BAC545DE}.Release|x86.ActiveCfg = Release|Any CPU
		{0AA385F9-7C96-4A70-9564-5491BAC545DE}.Release|x86.Build.0 = Release|Any CPU
		{96D11162-2F96-456A-B34B-445E4E28C28C}.Debug|Any CPU.ActiveCfg = Debug|Any CPU
		{96D11162-2F96-456A-B34B-445E4E28C28C}.Debug|Any CPU.Build.0 = Debug|Any CPU
		{96D11162-2F96-456A-B34B-445E4E28C28C}.Debug|x64.ActiveCfg = Debug|Any CPU
		{96D11162-2F96-456A-B34B-445E4E28C28C}.Debug|x64.Build.0 = Debug|Any CPU
		{96D11162-2F96-456A-B34B-445E4E28C28C}.Debug|x86.ActiveCfg = Debug|Any CPU
		{96D11162-2F96-456A-B34B-445E4E28C28C}.Debug|x86.Build.0 = Debug|Any CPU
		{96D11162-2F96-456A-B34B-445E4E28C28C}.Release|Any CPU.ActiveCfg = Release|Any CPU
		{96D11162-2F96-456A-B34B-445E4E28C28C}.Release|Any CPU.Build.0 = Release|Any CPU
		{96D11162-2F96-456A-B34B-445E4E28C28C}.Release|x64.ActiveCfg = Release|Any CPU
		{96D11162-2F96-456A-B34B-445E4E28C28C}.Release|x64.Build.0 = Release|Any CPU
		{96D11162-2F96-456A-B34B-445E4E28C28C}.Release|x86.ActiveCfg = Release|Any CPU
		{96D11162-2F96-456A-B34B-445E4E28C28C}.Release|x86.Build.0 = Release|Any CPU
	EndGlobalSection
	GlobalSection(SolutionProperties) = preSolution
		HideSolutionNode = FALSE
	EndGlobalSection
	GlobalSection(ExtensibilityGlobals) = postSolution
		SolutionGuid = {D723D6E5-6699-458F-A959-7C61268D07D2}
	EndGlobalSection
EndGlobal
